
Microsoft Visual Studio Solution File, Format Version 12.00
# Visual Studio 2012
Project("{FAE04EC0-301F-11D3-BF4B-00C04F79EFBC}") = "SearchApp", "SearchApp\SearchApp.csproj", "{F25BCB50-66EC-4146-866E-467C77AD9A66}"
EndProject
Global
	GlobalSection(SolutionConfigurationPlatforms) = preSolution
		Debug|Any CPU = Debug|Any CPU
		Release|Any CPU = Release|Any CPU
	EndGlobalSection
	GlobalSection(ProjectConfigurationPlatforms) = postSolution
		{F25BCB50-66EC-4146-866E-467C77AD9A66}.Debug|Any CPU.ActiveCfg = Debug|Any CPU
		{F25BCB50-66EC-4146-866E-467C77AD9A66}.Debug|Any CPU.Build.0 = Debug|Any CPU
		{F25BCB50-66EC-4146-866E-467C77AD9A66}.Debug|Any CPU.Deploy.0 = Debug|Any CPU
		{F25BCB50-66EC-4146-866E-467C77AD9A66}.Release|Any CPU.ActiveCfg = Release|Any CPU
		{F25BCB50-66EC-4146-866E-467C77AD9A66}.Release|Any CPU.Build.0 = Release|Any CPU
		{F25BCB50-66EC-4146-866E-467C77AD9A66}.Release|Any CPU.Deploy.0 = Release|Any CPU
	EndGlobalSection
	GlobalSection(SolutionProperties) = preSolution
		HideSolutionNode = FALSE
	EndGlobalSection
EndGlobal
