
Microsoft Visual Studio Solution File, Format Version 12.00
# Visual Studio 2012
Project("{FAE04EC0-301F-11D3-BF4B-00C04F79EFBC}") = "MembershipApp", "MembershipApp\MembershipApp.csproj", "{0C2D234B-C694-4E56-9C3B-F6614FA32693}"
EndProject
Global
	GlobalSection(SolutionConfigurationPlatforms) = preSolution
		Debug|Any CPU = Debug|Any CPU
		Release|Any CPU = Release|Any CPU
	EndGlobalSection
	GlobalSection(ProjectConfigurationPlatforms) = postSolution
		{0C2D234B-C694-4E56-9C3B-F6614FA32693}.Debug|Any CPU.ActiveCfg = Debug|Any CPU
		{0C2D234B-C694-4E56-9C3B-F6614FA32693}.Debug|Any CPU.Build.0 = Debug|Any CPU
		{0C2D234B-C694-4E56-9C3B-F6614FA32693}.Debug|Any CPU.Deploy.0 = Debug|Any CPU
		{0C2D234B-C694-4E56-9C3B-F6614FA32693}.Release|Any CPU.ActiveCfg = Release|Any CPU
		{0C2D234B-C694-4E56-9C3B-F6614FA32693}.Release|Any CPU.Build.0 = Release|Any CPU
		{0C2D234B-C694-4E56-9C3B-F6614FA32693}.Release|Any CPU.Deploy.0 = Release|Any CPU
	EndGlobalSection
	GlobalSection(SolutionProperties) = preSolution
		HideSolutionNode = FALSE
	EndGlobalSection
EndGlobal
