
Microsoft Visual Studio Solution File, Format Version 11.00
# Visual Studio 2010
Project("{FAE04EC0-301F-11D3-BF4B-00C04F79EFBC}") = "JobsApp", "JobsApp\JobsApp.csproj", "{FE756465-8837-400C-9BE1-5C15BC34DE02}"
EndProject
Global
	GlobalSection(SolutionConfigurationPlatforms) = preSolution
		Debug|Any CPU = Debug|Any CPU
		Release|Any CPU = Release|Any CPU
	EndGlobalSection
	GlobalSection(ProjectConfigurationPlatforms) = postSolution
		{FE756465-8837-400C-9BE1-5C15BC34DE02}.Debug|Any CPU.ActiveCfg = Debug|Any CPU
		{FE756465-8837-400C-9BE1-5C15BC34DE02}.Debug|Any CPU.Build.0 = Debug|Any CPU
		{FE756465-8837-400C-9BE1-5C15BC34DE02}.Debug|Any CPU.Deploy.0 = Debug|Any CPU
		{FE756465-8837-400C-9BE1-5C15BC34DE02}.Release|Any CPU.ActiveCfg = Release|Any CPU
		{FE756465-8837-400C-9BE1-5C15BC34DE02}.Release|Any CPU.Build.0 = Release|Any CPU
		{FE756465-8837-400C-9BE1-5C15BC34DE02}.Release|Any CPU.Deploy.0 = Release|Any CPU
	EndGlobalSection
	GlobalSection(SolutionProperties) = preSolution
		HideSolutionNode = FALSE
	EndGlobalSection
EndGlobal
