
Microsoft Visual Studio Solution File, Format Version 11.00
# Visual Studio 2010
Project("{FAE04EC0-301F-11D3-BF4B-00C04F79EFBC}") = "GeoApp", "GeoApp\GeoApp.csproj", "{CF37D798-185F-4B92-A06B-8694CBE78453}"
EndProject
Global
	GlobalSection(SolutionConfigurationPlatforms) = preSolution
		Debug|Any CPU = Debug|Any CPU
		Release|Any CPU = Release|Any CPU
	EndGlobalSection
	GlobalSection(ProjectConfigurationPlatforms) = postSolution
		{CF37D798-185F-4B92-A06B-8694CBE78453}.Debug|Any CPU.ActiveCfg = Debug|Any CPU
		{CF37D798-185F-4B92-A06B-8694CBE78453}.Debug|Any CPU.Build.0 = Debug|Any CPU
		{CF37D798-185F-4B92-A06B-8694CBE78453}.Debug|Any CPU.Deploy.0 = Debug|Any CPU
		{CF37D798-185F-4B92-A06B-8694CBE78453}.Release|Any CPU.ActiveCfg = Release|Any CPU
		{CF37D798-185F-4B92-A06B-8694CBE78453}.Release|Any CPU.Build.0 = Release|Any CPU
		{CF37D798-185F-4B92-A06B-8694CBE78453}.Release|Any CPU.Deploy.0 = Release|Any CPU
	EndGlobalSection
	GlobalSection(SolutionProperties) = preSolution
		HideSolutionNode = FALSE
	EndGlobalSection
EndGlobal
