
Microsoft Visual Studio Solution File, Format Version 12.00
# Visual Studio 2012
Project("{FAE04EC0-301F-11D3-BF4B-00C04F79EFBC}") = "MyTaskPaneApp", "MyTaskPaneApp\MyTaskPaneApp.csproj", "{7D922907-7797-4421-9699-0CD46347DDA1}"
EndProject
Project("{FAE04EC0-301F-11D3-BF4B-00C04F79EFBC}") = "MyTaskPaneAppWeb", "MyTaskPaneAppWeb\MyTaskPaneAppWeb.csproj", "{F97366C9-DCAD-412F-8F4A-2CA046182E6E}"
EndProject
Global
	GlobalSection(SolutionConfigurationPlatforms) = preSolution
		Debug|Any CPU = Debug|Any CPU
		Release|Any CPU = Release|Any CPU
	EndGlobalSection
	GlobalSection(ProjectConfigurationPlatforms) = postSolution
		{7D922907-7797-4421-9699-0CD46347DDA1}.Debug|Any CPU.ActiveCfg = Debug|Any CPU
		{7D922907-7797-4421-9699-0CD46347DDA1}.Debug|Any CPU.Build.0 = Debug|Any CPU
		{7D922907-7797-4421-9699-0CD46347DDA1}.Debug|Any CPU.Deploy.0 = Debug|Any CPU
		{7D922907-7797-4421-9699-0CD46347DDA1}.Release|Any CPU.ActiveCfg = Release|Any CPU
		{7D922907-7797-4421-9699-0CD46347DDA1}.Release|Any CPU.Build.0 = Release|Any CPU
		{7D922907-7797-4421-9699-0CD46347DDA1}.Release|Any CPU.Deploy.0 = Release|Any CPU
		{F97366C9-DCAD-412F-8F4A-2CA046182E6E}.Debug|Any CPU.ActiveCfg = Debug|Any CPU
		{F97366C9-DCAD-412F-8F4A-2CA046182E6E}.Debug|Any CPU.Build.0 = Debug|Any CPU
		{F97366C9-DCAD-412F-8F4A-2CA046182E6E}.Release|Any CPU.ActiveCfg = Release|Any CPU
		{F97366C9-DCAD-412F-8F4A-2CA046182E6E}.Release|Any CPU.Build.0 = Release|Any CPU
	EndGlobalSection
	GlobalSection(SolutionProperties) = preSolution
		HideSolutionNode = FALSE
	EndGlobalSection
EndGlobal
