
Microsoft Visual Studio Solution File, Format Version 12.00
# Visual Studio 2012
Project("{FAE04EC0-301F-11D3-BF4B-00C04F79EFBC}") = "YouTubeMailApp", "YouTubeMailApp\YouTubeMailApp.csproj", "{FB41F0F6-956A-4EA9-98A1-2587E1869757}"
EndProject
Project("{FAE04EC0-301F-11D3-BF4B-00C04F79EFBC}") = "YouTubeMailAppWeb", "YouTubeMailAppWeb\YouTubeMailAppWeb.csproj", "{3D3B8F35-2EC3-41BE-AB7B-035858700383}"
EndProject
Global
	GlobalSection(SolutionConfigurationPlatforms) = preSolution
		Debug|Any CPU = Debug|Any CPU
		Release|Any CPU = Release|Any CPU
	EndGlobalSection
	GlobalSection(ProjectConfigurationPlatforms) = postSolution
		{FB41F0F6-956A-4EA9-98A1-2587E1869757}.Debug|Any CPU.ActiveCfg = Debug|Any CPU
		{FB41F0F6-956A-4EA9-98A1-2587E1869757}.Debug|Any CPU.Build.0 = Debug|Any CPU
		{FB41F0F6-956A-4EA9-98A1-2587E1869757}.Debug|Any CPU.Deploy.0 = Debug|Any CPU
		{FB41F0F6-956A-4EA9-98A1-2587E1869757}.Release|Any CPU.ActiveCfg = Release|Any CPU
		{FB41F0F6-956A-4EA9-98A1-2587E1869757}.Release|Any CPU.Build.0 = Release|Any CPU
		{FB41F0F6-956A-4EA9-98A1-2587E1869757}.Release|Any CPU.Deploy.0 = Release|Any CPU
		{3D3B8F35-2EC3-41BE-AB7B-035858700383}.Debug|Any CPU.ActiveCfg = Debug|Any CPU
		{3D3B8F35-2EC3-41BE-AB7B-035858700383}.Debug|Any CPU.Build.0 = Debug|Any CPU
		{3D3B8F35-2EC3-41BE-AB7B-035858700383}.Release|Any CPU.ActiveCfg = Release|Any CPU
		{3D3B8F35-2EC3-41BE-AB7B-035858700383}.Release|Any CPU.Build.0 = Release|Any CPU
	EndGlobalSection
	GlobalSection(SolutionProperties) = preSolution
		HideSolutionNode = FALSE
	EndGlobalSection
EndGlobal
