
Microsoft Visual Studio Solution File, Format Version 12.00
# Visual Studio 2012
Project("{FAE04EC0-301F-11D3-BF4B-00C04F79EFBC}") = "ProviderHostedApp", "ProviderHostedApp\ProviderHostedApp.csproj", "{3BE2DC30-A46E-409D-8E82-3F85C3E9725D}"
EndProject
Project("{FAE04EC0-301F-11D3-BF4B-00C04F79EFBC}") = "ProviderHostedAppWeb", "ProviderHostedAppWeb\ProviderHostedAppWeb.csproj", "{096BA001-6F66-43FE-9518-EDB9F98AC332}"
EndProject
Global
	GlobalSection(SolutionConfigurationPlatforms) = preSolution
		Debug|Any CPU = Debug|Any CPU
		Release|Any CPU = Release|Any CPU
	EndGlobalSection
	GlobalSection(ProjectConfigurationPlatforms) = postSolution
		{3BE2DC30-A46E-409D-8E82-3F85C3E9725D}.Debug|Any CPU.ActiveCfg = Debug|Any CPU
		{3BE2DC30-A46E-409D-8E82-3F85C3E9725D}.Debug|Any CPU.Build.0 = Debug|Any CPU
		{3BE2DC30-A46E-409D-8E82-3F85C3E9725D}.Debug|Any CPU.Deploy.0 = Debug|Any CPU
		{3BE2DC30-A46E-409D-8E82-3F85C3E9725D}.Release|Any CPU.ActiveCfg = Release|Any CPU
		{3BE2DC30-A46E-409D-8E82-3F85C3E9725D}.Release|Any CPU.Build.0 = Release|Any CPU
		{3BE2DC30-A46E-409D-8E82-3F85C3E9725D}.Release|Any CPU.Deploy.0 = Release|Any CPU
		{096BA001-6F66-43FE-9518-EDB9F98AC332}.Debug|Any CPU.ActiveCfg = Debug|Any CPU
		{096BA001-6F66-43FE-9518-EDB9F98AC332}.Debug|Any CPU.Build.0 = Debug|Any CPU
		{096BA001-6F66-43FE-9518-EDB9F98AC332}.Release|Any CPU.ActiveCfg = Release|Any CPU
		{096BA001-6F66-43FE-9518-EDB9F98AC332}.Release|Any CPU.Build.0 = Release|Any CPU
	EndGlobalSection
	GlobalSection(SolutionProperties) = preSolution
		HideSolutionNode = FALSE
	EndGlobalSection
EndGlobal
