
Microsoft Visual Studio Solution File, Format Version 12.00
# Visual Studio 2012
Project("{FAE04EC0-301F-11D3-BF4B-00C04F79EFBC}") = "CategoryDescriptionLookupApp", "CategoryDescriptionLookupApp\CategoryDescriptionLookupApp.csproj", "{F366BF2B-E062-4705-9AD5-72F065850CC6}"
EndProject
Global
	GlobalSection(SolutionConfigurationPlatforms) = preSolution
		Debug|Any CPU = Debug|Any CPU
		Release|Any CPU = Release|Any CPU
	EndGlobalSection
	GlobalSection(ProjectConfigurationPlatforms) = postSolution
		{F366BF2B-E062-4705-9AD5-72F065850CC6}.Debug|Any CPU.ActiveCfg = Debug|Any CPU
		{F366BF2B-E062-4705-9AD5-72F065850CC6}.Debug|Any CPU.Build.0 = Debug|Any CPU
		{F366BF2B-E062-4705-9AD5-72F065850CC6}.Debug|Any CPU.Deploy.0 = Debug|Any CPU
		{F366BF2B-E062-4705-9AD5-72F065850CC6}.Release|Any CPU.ActiveCfg = Release|Any CPU
		{F366BF2B-E062-4705-9AD5-72F065850CC6}.Release|Any CPU.Build.0 = Release|Any CPU
		{F366BF2B-E062-4705-9AD5-72F065850CC6}.Release|Any CPU.Deploy.0 = Release|Any CPU
	EndGlobalSection
	GlobalSection(SolutionProperties) = preSolution
		HideSolutionNode = FALSE
	EndGlobalSection
EndGlobal
