
Microsoft Visual Studio Solution File, Format Version 12.00
# Visual Studio 2012
Project("{FAE04EC0-301F-11D3-BF4B-00C04F79EFBC}") = "ExcelRest", "ExcelRest\ExcelRest.csproj", "{A2BA8F9A-A388-40C0-8234-3E83D8BBA6B3}"
EndProject
Global
	GlobalSection(SolutionConfigurationPlatforms) = preSolution
		Debug|Any CPU = Debug|Any CPU
		Release|Any CPU = Release|Any CPU
	EndGlobalSection
	GlobalSection(ProjectConfigurationPlatforms) = postSolution
		{A2BA8F9A-A388-40C0-8234-3E83D8BBA6B3}.Debug|Any CPU.ActiveCfg = Debug|Any CPU
		{A2BA8F9A-A388-40C0-8234-3E83D8BBA6B3}.Debug|Any CPU.Build.0 = Debug|Any CPU
		{A2BA8F9A-A388-40C0-8234-3E83D8BBA6B3}.Debug|Any CPU.Deploy.0 = Debug|Any CPU
		{A2BA8F9A-A388-40C0-8234-3E83D8BBA6B3}.Release|Any CPU.ActiveCfg = Release|Any CPU
		{A2BA8F9A-A388-40C0-8234-3E83D8BBA6B3}.Release|Any CPU.Build.0 = Release|Any CPU
		{A2BA8F9A-A388-40C0-8234-3E83D8BBA6B3}.Release|Any CPU.Deploy.0 = Release|Any CPU
	EndGlobalSection
	GlobalSection(SolutionProperties) = preSolution
		HideSolutionNode = FALSE
	EndGlobalSection
EndGlobal
