
Microsoft Visual Studio Solution File, Format Version 12.00
# Visual Studio 2012
Project("{FAE04EC0-301F-11D3-BF4B-00C04F79EFBC}") = "SimpleCloudHostedApp", "SimpleCloudHostedApp\SimpleCloudHostedApp.csproj", "{2DA587C8-268C-414C-86D9-01937A668C39}"
EndProject
Project("{FAE04EC0-301F-11D3-BF4B-00C04F79EFBC}") = "SimpleCloudHostedAppWeb", "SimpleCloudHostedAppWeb\SimpleCloudHostedAppWeb.csproj", "{A5E8C3AF-394B-4780-AAB9-BE234ADC9C14}"
EndProject
Global
	GlobalSection(SolutionConfigurationPlatforms) = preSolution
		Debug|Any CPU = Debug|Any CPU
		Release|Any CPU = Release|Any CPU
	EndGlobalSection
	GlobalSection(ProjectConfigurationPlatforms) = postSolution
		{2DA587C8-268C-414C-86D9-01937A668C39}.Debug|Any CPU.ActiveCfg = Debug|Any CPU
		{2DA587C8-268C-414C-86D9-01937A668C39}.Debug|Any CPU.Build.0 = Debug|Any CPU
		{2DA587C8-268C-414C-86D9-01937A668C39}.Debug|Any CPU.Deploy.0 = Debug|Any CPU
		{2DA587C8-268C-414C-86D9-01937A668C39}.Release|Any CPU.ActiveCfg = Release|Any CPU
		{2DA587C8-268C-414C-86D9-01937A668C39}.Release|Any CPU.Build.0 = Release|Any CPU
		{2DA587C8-268C-414C-86D9-01937A668C39}.Release|Any CPU.Deploy.0 = Release|Any CPU
		{A5E8C3AF-394B-4780-AAB9-BE234ADC9C14}.Debug|Any CPU.ActiveCfg = Debug|Any CPU
		{A5E8C3AF-394B-4780-AAB9-BE234ADC9C14}.Debug|Any CPU.Build.0 = Debug|Any CPU
		{A5E8C3AF-394B-4780-AAB9-BE234ADC9C14}.Release|Any CPU.ActiveCfg = Release|Any CPU
		{A5E8C3AF-394B-4780-AAB9-BE234ADC9C14}.Release|Any CPU.Build.0 = Release|Any CPU
	EndGlobalSection
	GlobalSection(SolutionProperties) = preSolution
		HideSolutionNode = FALSE
	EndGlobalSection
EndGlobal
